{
  "name": "titanfall-twitch-integration",
  "version": "1.0.0",
  "lockfileVersion": 3,
  "requires": true,
  "packages": {
    "": {
      "name": "titanfall-twitch-integration",
      "version": "1.0.0",
      "license": "MIT",
      "bin": {
        "titanfall-twitch-integration": "index.js"
      },
      "devDependencies": {
        "twitch-bot": "^1.3.5"
      }
    },
    "node_modules/lodash": {
      "version": "4.18.1",
      "resolved": "https://registry.npmjs.org/lodash/-/lodash-4.18.1.tgz",
      "integrity": "sha512-dMInicTPVE8d1e5otfwmmjlxkZoUpiVLwyeTdUsi/Caj/gfzzblBcCE5sRHV/AsjuCmxWrte2TNGSYuCeCq+0Q==",
      "dev": true,
      "license": "MIT"
    },
    "node_modules/twitch-bot": {
      "version": "1.3.5",
      "resolved": "https://registry.npmjs.org/twitch-bot/-/twitch-bot-1.3.5.tgz",
      "integrity": "sha512-GcQUM+DjJqwTi4Q5wzVL7w1xdNjyiXJV2naF8o45nVdnxGc1WfgH5QP1Otpg7R0YgxEfigoPjNhxuwQ0vXrNgw==",
      "dev": true,
      "license": "ISC",
      "dependencies": {
        "lodash": "^4.17.4"
      }
    }
  }
}
